# This file is automatically @generated by Cargo.
# It is not intended for manual editing.
version = 4

[[package]]
name = "base64"
version = "0.0.1"

[[package]]
name = "emoji"
version = "0.0.1"

[[package]]
name = "ext"
version = "0.0.0"

[[package]]
name = "ext-api"
version = "0.0.0"

[[package]]
name = "ext-core"
version = "0.0.0"
